// !$*UTF8*$!
{
	archiveVersion = 1;
	classes = {
	};
	objectVersion = 56;
	objects = {

/* Begin PBXCopyFilesBuildPhase section */
		9B54DE3B2AE1621500D8BB7A /* CopyFiles */ = {
			isa = PBXCopyFilesBuildPhase;
			buildActionMask = 2147483647;
			dstPath = /usr/share/man/man1/;
			dstSubfolderSpec = 0;
			files = (
			);
			runOnlyForDeploymentPostprocessing = 1;
		};
/* End PBXCopyFilesBuildPhase section */

/* Begin PBXFileReference section */
		9B002D8B2AE6A88200DA24E7 /* 11005.swift */ = {isa = PBXFileReference; lastKnownFileType = sourcecode.swift; path = 11005.swift; sourceTree = "<group>"; };
		9B0428422B4C224100D36564 /* 28278.swift */ = {isa = PBXFileReference; lastKnownFileType = sourcecode.swift; path = 28278.swift; sourceTree = "<group>"; };
		9B0850C52B0CF61200F96834 /* 10926.swift */ = {isa = PBXFileReference; lastKnownFileType = sourcecode.swift; path = 10926.swift; sourceTree = "<group>"; };
		9B0850C72B0CF65900F96834 /* 11382.swift */ = {isa = PBXFileReference; lastKnownFileType = sourcecode.swift; path = 11382.swift; sourceTree = "<group>"; };
		9B0850C92B0CF6C000F96834 /* 18108.swift */ = {isa = PBXFileReference; lastKnownFileType = sourcecode.swift; path = 18108.swift; sourceTree = "<group>"; };
		9B0E9EB62B2DB6C00086ED77 /* 1312.swift */ = {isa = PBXFileReference; lastKnownFileType = sourcecode.swift; path = 1312.swift; sourceTree = "<group>"; };
		9B119E082AFD035C004FE2F6 /* 1475.swift */ = {isa = PBXFileReference; lastKnownFileType = sourcecode.swift; path = 1475.swift; sourceTree = "<group>"; };
		9B15DD7E2B1E0570003FBB1D /* 1743.swift */ = {isa = PBXFileReference; lastKnownFileType = sourcecode.swift; path = 1743.swift; sourceTree = "<group>"; };
		9B15FE382B2B334500DA2622 /* 10815.swift */ = {isa = PBXFileReference; lastKnownFileType = sourcecode.swift; path = 10815.swift; sourceTree = "<group>"; };
		9B23AB5B2B131FB1008FBFF7 /* 13549.swift */ = {isa = PBXFileReference; lastKnownFileType = sourcecode.swift; path = 13549.swift; sourceTree = "<group>"; };
		9B268A742AFF6A360079C5E7 /* 11328.swift */ = {isa = PBXFileReference; lastKnownFileType = sourcecode.swift; path = 11328.swift; sourceTree = "<group>"; };
		9B268A762AFF6FCF0079C5E7 /* 13300.swift */ = {isa = PBXFileReference; lastKnownFileType = sourcecode.swift; path = 13300.swift; sourceTree = "<group>"; };
		9B2928AE2B1208190087A4D4 /* 15663.swift */ = {isa = PBXFileReference; lastKnownFileType = sourcecode.swift; path = 15663.swift; sourceTree = "<group>"; };
		9B2D101C2B21F854008E49AD /* 2467.swift */ = {isa = PBXFileReference; lastKnownFileType = sourcecode.swift; path = 2467.swift; sourceTree = "<group>"; };
		9B31B02D2AE3DECD001A7CEA /* 10988.swift */ = {isa = PBXFileReference; lastKnownFileType = sourcecode.swift; path = 10988.swift; sourceTree = "<group>"; };
		9B32F7AA2B03A90F00F6A91A /* 2493.swift */ = {isa = PBXFileReference; lastKnownFileType = sourcecode.swift; path = 2493.swift; sourceTree = "<group>"; };
		9B355BE52B1F591700D6EF87 /* 2504.swift */ = {isa = PBXFileReference; lastKnownFileType = sourcecode.swift; path = 2504.swift; sourceTree = "<group>"; };
		9B38C2982AEA80B2003176FD /* 24263.swift */ = {isa = PBXFileReference; lastKnownFileType = sourcecode.swift; path = 24263.swift; sourceTree = "<group>"; };
		9B38C29A2AEA81FE003176FD /* 24264.swift */ = {isa = PBXFileReference; lastKnownFileType = sourcecode.swift; path = 24264.swift; sourceTree = "<group>"; };
		9B4698192AFBAFBC00B4BAD4 /* 2443.swift */ = {isa = PBXFileReference; lastKnownFileType = sourcecode.swift; path = 2443.swift; sourceTree = "<group>"; };
		9B4D0E3C2AEFDB8300309DB4 /* 2490.swift */ = {isa = PBXFileReference; lastKnownFileType = sourcecode.swift; path = 2490.swift; sourceTree = "<group>"; };
		9B4E5D612B3007BD00840BDB /* 5567.swift */ = {isa = PBXFileReference; lastKnownFileType = sourcecode.swift; path = 5567.swift; sourceTree = "<group>"; };
		9B4E5D632B354AC600840BDB /* 2563.swift */ = {isa = PBXFileReference; lastKnownFileType = sourcecode.swift; path = 2563.swift; sourceTree = "<group>"; };
		9B54DE3D2AE1621500D8BB7A /* algo */ = {isa = PBXFileReference; explicitFileType = "compiled.mach-o.executable"; includeInIndex = 0; path = algo; sourceTree = BUILT_PRODUCTS_DIR; };
		9B54DE402AE1621500D8BB7A /* 1259.swift */ = {isa = PBXFileReference; lastKnownFileType = sourcecode.swift; path = 1259.swift; sourceTree = "<group>"; };
		9B5D25B12AEBDDE200D64082 /* 24265.swift */ = {isa = PBXFileReference; lastKnownFileType = sourcecode.swift; path = 24265.swift; sourceTree = "<group>"; };
		9B64C3B32AE9469400F44B4B /* 24262.swift */ = {isa = PBXFileReference; lastKnownFileType = sourcecode.swift; path = 24262.swift; sourceTree = "<group>"; };
		9B7588522AED265E0044974E /* 24266.swift */ = {isa = PBXFileReference; lastKnownFileType = sourcecode.swift; path = 24266.swift; sourceTree = "<group>"; };
		9B79C5A22B39517200A529D0 /* 1439.swift */ = {isa = PBXFileReference; lastKnownFileType = sourcecode.swift; path = 1439.swift; sourceTree = "<group>"; };
		9B7D36A92B0B8C8E00836B84 /* 14940.swift */ = {isa = PBXFileReference; lastKnownFileType = sourcecode.swift; path = 14940.swift; sourceTree = "<group>"; };
		9B80A8332B2C12730066A920 /* 1026.swift */ = {isa = PBXFileReference; lastKnownFileType = sourcecode.swift; path = 1026.swift; sourceTree = "<group>"; };
		9B86B96F2B04CFCA004F27B9 /* 6198.swift */ = {isa = PBXFileReference; lastKnownFileType = sourcecode.swift; path = 6198.swift; sourceTree = "<group>"; };
		9B8F32372B175F0800538CFD /* 3085.swift */ = {isa = PBXFileReference; lastKnownFileType = sourcecode.swift; path = 3085.swift; sourceTree = "<group>"; };
		9B94D7B62AF3D9A400591187 /* 1564.swift */ = {isa = PBXFileReference; lastKnownFileType = sourcecode.swift; path = 1564.swift; sourceTree = "<group>"; };
		9B9D277A2AF26FBF003ADFBB /* 2587.swift */ = {isa = PBXFileReference; lastKnownFileType = sourcecode.swift; path = 2587.swift; sourceTree = "<group>"; };
		9B9D277C2AF270A5003ADFBB /* 2309.swift */ = {isa = PBXFileReference; lastKnownFileType = sourcecode.swift; path = 2309.swift; sourceTree = "<group>"; };
		9BA4AC1F2B55726B009B15A4 /* 7785.swift */ = {isa = PBXFileReference; lastKnownFileType = sourcecode.swift; path = 7785.swift; sourceTree = "<group>"; };
		9BA521132B6FC6BA00FFF6A1 /* 14425.swift */ = {isa = PBXFileReference; lastKnownFileType = sourcecode.swift; path = 14425.swift; sourceTree = "<group>"; };
		9BA87D462B1080E800200353 /* 20529.swift */ = {isa = PBXFileReference; lastKnownFileType = sourcecode.swift; path = 20529.swift; sourceTree = "<group>"; };
		9BAA6FE12B46EC89005D7910 /* 17478.swift */ = {isa = PBXFileReference; lastKnownFileType = sourcecode.swift; path = 17478.swift; sourceTree = "<group>"; };
		9BAC560A2AF13006000ADDC7 /* 2576.swift */ = {isa = PBXFileReference; lastKnownFileType = sourcecode.swift; path = 2576.swift; sourceTree = "<group>"; };
		9BB1986F2AEE1A9900BD217D /* 24267.swift */ = {isa = PBXFileReference; lastKnownFileType = sourcecode.swift; path = 24267.swift; sourceTree = "<group>"; };
		9BB24E232B458FEF00759961 /* 1431.swift */ = {isa = PBXFileReference; lastKnownFileType = sourcecode.swift; path = 1431.swift; sourceTree = "<group>"; };
		9BB687BE2B0257A400E9C5FE /* 3273.swift */ = {isa = PBXFileReference; lastKnownFileType = sourcecode.swift; path = 3273.swift; sourceTree = "<group>"; };
		9BBCE0812AE2B5F000F20B9A /* 25206.swift */ = {isa = PBXFileReference; lastKnownFileType = sourcecode.swift; path = 25206.swift; sourceTree = "<group>"; };
		9BC434172AFA6F5900F9021F /* 2442.swift */ = {isa = PBXFileReference; lastKnownFileType = sourcecode.swift; path = 2442.swift; sourceTree = "<group>"; };
		9BC60FA92B6150D200A8B48F /* 25304.swift */ = {isa = PBXFileReference; lastKnownFileType = sourcecode.swift; path = 25304.swift; sourceTree = "<group>"; };
		9BCFB4822B2EBFD500361A49 /* 2075.swift */ = {isa = PBXFileReference; lastKnownFileType = sourcecode.swift; path = 2075.swift; sourceTree = "<group>"; };
		9BD049662B0E26940016CF12 /* 21736.swift */ = {isa = PBXFileReference; lastKnownFileType = sourcecode.swift; path = 21736.swift; sourceTree = "<group>"; };
		9BD049EE2B088793004B5062 /* 18110.swift */ = {isa = PBXFileReference; lastKnownFileType = sourcecode.swift; path = 18110.swift; sourceTree = "<group>"; };
		9BD049F02B09F428004B5062 /* 2630.swift */ = {isa = PBXFileReference; lastKnownFileType = sourcecode.swift; path = 2630.swift; sourceTree = "<group>"; };
		9BD1E6DA2B0789B3008F82B9 /* 25083.swift */ = {isa = PBXFileReference; lastKnownFileType = sourcecode.swift; path = 25083.swift; sourceTree = "<group>"; };
		9BD1E6DC2B078A9D008F82B9 /* 27866.swift */ = {isa = PBXFileReference; lastKnownFileType = sourcecode.swift; path = 27866.swift; sourceTree = "<group>"; };
		9BD1E6DE2B078C40008F82B9 /* 2108.swift */ = {isa = PBXFileReference; lastKnownFileType = sourcecode.swift; path = 2108.swift; sourceTree = "<group>"; };
		9BD909192B5FF675007F97A4 /* 2217.swift */ = {isa = PBXFileReference; lastKnownFileType = sourcecode.swift; path = 2217.swift; sourceTree = "<group>"; wrapsLines = 1; };
		9BE0FF122AE7ED6300F02D3E /* 2752.swift */ = {isa = PBXFileReference; lastKnownFileType = sourcecode.swift; path = 2752.swift; sourceTree = "<group>"; };
		9BE0FF142AE7F1D500F02D3E /* 2480.swift */ = {isa = PBXFileReference; lastKnownFileType = sourcecode.swift; path = 2480.swift; sourceTree = "<group>"; };
		9BE6B6482B00F5AA00E00E0C /* 5397.swift */ = {isa = PBXFileReference; lastKnownFileType = sourcecode.swift; path = 5397.swift; sourceTree = "<group>"; };
		9BE78F472AF915EF0074B738 /* 2441.swift */ = {isa = PBXFileReference; lastKnownFileType = sourcecode.swift; path = 2441.swift; sourceTree = "<group>"; };
		9BF3097F2AE4F8A000F466B1 /* 10798.swift */ = {isa = PBXFileReference; lastKnownFileType = sourcecode.swift; path = 10798.swift; sourceTree = "<group>"; };
		9BF44C522AF7CDD200351E8B /* 1267.swift */ = {isa = PBXFileReference; lastKnownFileType = sourcecode.swift; path = 1267.swift; sourceTree = "<group>"; };
		9BF6121A2AFDFC0B003C83E3 /* 10808.swift */ = {isa = PBXFileReference; lastKnownFileType = sourcecode.swift; path = 10808.swift; sourceTree = "<group>"; };
		9BF6121C2AFE02B2003C83E3 /* 10807.swift */ = {isa = PBXFileReference; lastKnownFileType = sourcecode.swift; path = 10807.swift; sourceTree = "<group>"; };
		9BF67B0A2AF652CC00978153 /* 10093.swift */ = {isa = PBXFileReference; lastKnownFileType = sourcecode.swift; path = 10093.swift; sourceTree = "<group>"; };
		9BF798882B666B1C0063CC22 /* 10699.swift */ = {isa = PBXFileReference; lastKnownFileType = sourcecode.swift; path = 10699.swift; sourceTree = "<group>"; };
		9BFEECCF2B14C8D30050AD85 /* 12851.swift */ = {isa = PBXFileReference; lastKnownFileType = sourcecode.swift; path = 12851.swift; sourceTree = "<group>"; };
/* End PBXFileReference section */

/* Begin PBXFrameworksBuildPhase section */
		9B54DE3A2AE1621500D8BB7A /* Frameworks */ = {
			isa = PBXFrameworksBuildPhase;
			buildActionMask = 2147483647;
			files = (
			);
			runOnlyForDeploymentPostprocessing = 0;
		};
/* End PBXFrameworksBuildPhase section */

/* Begin PBXGroup section */
		9B54DE342AE1621500D8BB7A = {
			isa = PBXGroup;
			children = (
				9B54DE3F2AE1621500D8BB7A /* algo */,
				9B54DE3E2AE1621500D8BB7A /* Products */,
			);
			sourceTree = "<group>";
		};
		9B54DE3E2AE1621500D8BB7A /* Products */ = {
			isa = PBXGroup;
			children = (
				9B54DE3D2AE1621500D8BB7A /* algo */,
			);
			name = Products;
			sourceTree = "<group>";
		};
		9B54DE3F2AE1621500D8BB7A /* algo */ = {
			isa = PBXGroup;
			children = (
				9B54DE472AE1644800D8BB7A /* backjoon */,
			);
			path = algo;
			sourceTree = "<group>";
		};
		9B54DE472AE1644800D8BB7A /* backjoon */ = {
			isa = PBXGroup;
			children = (
				9B54DE402AE1621500D8BB7A /* 1259.swift */,
				9BF44C522AF7CDD200351E8B /* 1267.swift */,
				9B119E082AFD035C004FE2F6 /* 1475.swift */,
				9B94D7B62AF3D9A400591187 /* 1564.swift */,
				9BD1E6DE2B078C40008F82B9 /* 2108.swift */,
				9B9D277C2AF270A5003ADFBB /* 2309.swift */,
				9BE78F472AF915EF0074B738 /* 2441.swift */,
				9BC434172AFA6F5900F9021F /* 2442.swift */,
				9B4698192AFBAFBC00B4BAD4 /* 2443.swift */,
				9BE0FF142AE7F1D500F02D3E /* 2480.swift */,
				9B4D0E3C2AEFDB8300309DB4 /* 2490.swift */,
				9B32F7AA2B03A90F00F6A91A /* 2493.swift */,
				9BAC560A2AF13006000ADDC7 /* 2576.swift */,
				9B9D277A2AF26FBF003ADFBB /* 2587.swift */,
				9BD049F02B09F428004B5062 /* 2630.swift */,
				9BE0FF122AE7ED6300F02D3E /* 2752.swift */,
				9BB687BE2B0257A400E9C5FE /* 3273.swift */,
				9BE6B6482B00F5AA00E00E0C /* 5397.swift */,
				9B86B96F2B04CFCA004F27B9 /* 6198.swift */,
				9BF67B0A2AF652CC00978153 /* 10093.swift */,
				9BF3097F2AE4F8A000F466B1 /* 10798.swift */,
				9BF6121C2AFE02B2003C83E3 /* 10807.swift */,
				9BF6121A2AFDFC0B003C83E3 /* 10808.swift */,
				9B0850C52B0CF61200F96834 /* 10926.swift */,
				9B31B02D2AE3DECD001A7CEA /* 10988.swift */,
				9B002D8B2AE6A88200DA24E7 /* 11005.swift */,
				9BB24E232B458FEF00759961 /* 1431.swift */,
				9BAA6FE12B46EC89005D7910 /* 17478.swift */,
				9B268A742AFF6A360079C5E7 /* 11328.swift */,
				9B0850C72B0CF65900F96834 /* 11382.swift */,
				9B268A762AFF6FCF0079C5E7 /* 13300.swift */,
				9B7D36A92B0B8C8E00836B84 /* 14940.swift */,
				9B0850C92B0CF6C000F96834 /* 18108.swift */,
				9BD049EE2B088793004B5062 /* 18110.swift */,
				9BA87D462B1080E800200353 /* 20529.swift */,
				9BD049662B0E26940016CF12 /* 21736.swift */,
				9B64C3B32AE9469400F44B4B /* 24262.swift */,
				9B38C2982AEA80B2003176FD /* 24263.swift */,
				9BF798882B666B1C0063CC22 /* 10699.swift */,
				9BA521132B6FC6BA00FFF6A1 /* 14425.swift */,
				9B38C29A2AEA81FE003176FD /* 24264.swift */,
				9B5D25B12AEBDDE200D64082 /* 24265.swift */,
				9B7588522AED265E0044974E /* 24266.swift */,
				9BB1986F2AEE1A9900BD217D /* 24267.swift */,
				9B0428422B4C224100D36564 /* 28278.swift */,
				9BA4AC1F2B55726B009B15A4 /* 7785.swift */,
				9BD909192B5FF675007F97A4 /* 2217.swift */,
				9BC60FA92B6150D200A8B48F /* 25304.swift */,
				9BD1E6DA2B0789B3008F82B9 /* 25083.swift */,
				9BBCE0812AE2B5F000F20B9A /* 25206.swift */,
				9BD1E6DC2B078A9D008F82B9 /* 27866.swift */,
				9B2928AE2B1208190087A4D4 /* 15663.swift */,
				9B23AB5B2B131FB1008FBFF7 /* 13549.swift */,
				9BFEECCF2B14C8D30050AD85 /* 12851.swift */,
				9B8F32372B175F0800538CFD /* 3085.swift */,
				9B15DD7E2B1E0570003FBB1D /* 1743.swift */,
				9B355BE52B1F591700D6EF87 /* 2504.swift */,
				9B2D101C2B21F854008E49AD /* 2467.swift */,
				9B15FE382B2B334500DA2622 /* 10815.swift */,
				9B80A8332B2C12730066A920 /* 1026.swift */,
				9B0E9EB62B2DB6C00086ED77 /* 1312.swift */,
				9BCFB4822B2EBFD500361A49 /* 2075.swift */,
				9B79C5A22B39517200A529D0 /* 1439.swift */,
				9B4E5D612B3007BD00840BDB /* 5567.swift */,
				9B4E5D632B354AC600840BDB /* 2563.swift */,
			);
			path = backjoon;
			sourceTree = "<group>";
		};
/* End PBXGroup section */

/* Begin PBXNativeTarget section */
		9B54DE3C2AE1621500D8BB7A /* algo */ = {
			isa = PBXNativeTarget;
			buildConfigurationList = 9B54DE442AE1621500D8BB7A /* Build configuration list for PBXNativeTarget "algo" */;
			buildPhases = (
				9B54DE392AE1621500D8BB7A /* Sources */,
				9B54DE3A2AE1621500D8BB7A /* Frameworks */,
				9B54DE3B2AE1621500D8BB7A /* CopyFiles */,
			);
			buildRules = (
			);
			dependencies = (
			);
			name = algo;
			productName = algo;
			productReference = 9B54DE3D2AE1621500D8BB7A /* algo */;
			productType = "com.apple.product-type.tool";
		};
/* End PBXNativeTarget section */

/* Begin PBXProject section */
		9B54DE352AE1621500D8BB7A /* Project object */ = {
			isa = PBXProject;
			attributes = {
				BuildIndependentTargetsInParallel = 1;
				LastSwiftUpdateCheck = 1500;
				LastUpgradeCheck = 1500;
				TargetAttributes = {
					9B54DE3C2AE1621500D8BB7A = {
						CreatedOnToolsVersion = 15.0;
						LastSwiftMigration = 1500;
					};
				};
			};
			buildConfigurationList = 9B54DE382AE1621500D8BB7A /* Build configuration list for PBXProject "algo" */;
			compatibilityVersion = "Xcode 14.0";
			developmentRegion = en;
			hasScannedForEncodings = 0;
			knownRegions = (
				en,
				Base,
			);
			mainGroup = 9B54DE342AE1621500D8BB7A;
			productRefGroup = 9B54DE3E2AE1621500D8BB7A /* Products */;
			projectDirPath = "";
			projectRoot = "";
			targets = (
				9B54DE3C2AE1621500D8BB7A /* algo */,
			);
		};
/* End PBXProject section */

/* Begin PBXSourcesBuildPhase section */
		9B54DE392AE1621500D8BB7A /* Sources */ = {
			isa = PBXSourcesBuildPhase;
			buildActionMask = 2147483647;
			files = (
			);
			runOnlyForDeploymentPostprocessing = 0;
		};
/* End PBXSourcesBuildPhase section */

/* Begin XCBuildConfiguration section */
		9B54DE422AE1621500D8BB7A /* Debug */ = {
			isa = XCBuildConfiguration;
			buildSettings = {
				ALWAYS_SEARCH_USER_PATHS = NO;
				ASSETCATALOG_COMPILER_GENERATE_SWIFT_ASSET_SYMBOL_EXTENSIONS = YES;
				CLANG_ANALYZER_NONNULL = YES;
				CLANG_ANALYZER_NUMBER_OBJECT_CONVERSION = YES_AGGRESSIVE;
				CLANG_CXX_LANGUAGE_STANDARD = "gnu++20";
				CLANG_ENABLE_MODULES = YES;
				CLANG_ENABLE_OBJC_ARC = YES;
				CLANG_ENABLE_OBJC_WEAK = YES;
				CLANG_WARN_BLOCK_CAPTURE_AUTORELEASING = YES;
				CLANG_WARN_BOOL_CONVERSION = YES;
				CLANG_WARN_COMMA = YES;
				CLANG_WARN_CONSTANT_CONVERSION = YES;
				CLANG_WARN_DEPRECATED_OBJC_IMPLEMENTATIONS = YES;
				CLANG_WARN_DIRECT_OBJC_ISA_USAGE = YES_ERROR;
				CLANG_WARN_DOCUMENTATION_COMMENTS = YES;
				CLANG_WARN_EMPTY_BODY = YES;
				CLANG_WARN_ENUM_CONVERSION = YES;
				CLANG_WARN_INFINITE_RECURSION = YES;
				CLANG_WARN_INT_CONVERSION = YES;
				CLANG_WARN_NON_LITERAL_NULL_CONVERSION = YES;
				CLANG_WARN_OBJC_IMPLICIT_RETAIN_SELF = YES;
				CLANG_WARN_OBJC_LITERAL_CONVERSION = YES;
				CLANG_WARN_OBJC_ROOT_CLASS = YES_ERROR;
				CLANG_WARN_QUOTED_INCLUDE_IN_FRAMEWORK_HEADER = YES;
				CLANG_WARN_RANGE_LOOP_ANALYSIS = YES;
				CLANG_WARN_STRICT_PROTOTYPES = YES;
				CLANG_WARN_SUSPICIOUS_MOVE = YES;
				CLANG_WARN_UNGUARDED_AVAILABILITY = YES_AGGRESSIVE;
				CLANG_WARN_UNREACHABLE_CODE = YES;
				CLANG_WARN__DUPLICATE_METHOD_MATCH = YES;
				COPY_PHASE_STRIP = NO;
				DEBUG_INFORMATION_FORMAT = dwarf;
				ENABLE_STRICT_OBJC_MSGSEND = YES;
				ENABLE_TESTABILITY = YES;
				ENABLE_USER_SCRIPT_SANDBOXING = YES;
				GCC_C_LANGUAGE_STANDARD = gnu17;
				GCC_DYNAMIC_NO_PIC = NO;
				GCC_NO_COMMON_BLOCKS = YES;
				GCC_OPTIMIZATION_LEVEL = 0;
				GCC_PREPROCESSOR_DEFINITIONS = (
					"DEBUG=1",
					"$(inherited)",
				);
				GCC_WARN_64_TO_32_BIT_CONVERSION = YES;
				GCC_WARN_ABOUT_RETURN_TYPE = YES_ERROR;
				GCC_WARN_UNDECLARED_SELECTOR = YES;
				GCC_WARN_UNINITIALIZED_AUTOS = YES_AGGRESSIVE;
				GCC_WARN_UNUSED_FUNCTION = YES;
				GCC_WARN_UNUSED_VARIABLE = YES;
				LOCALIZATION_PREFERS_STRING_CATALOGS = YES;
				MACOSX_DEPLOYMENT_TARGET = 14.0;
				MTL_ENABLE_DEBUG_INFO = INCLUDE_SOURCE;
				MTL_FAST_MATH = YES;
				ONLY_ACTIVE_ARCH = YES;
				SDKROOT = macosx;
				SWIFT_ACTIVE_COMPILATION_CONDITIONS = "DEBUG $(inherited)";
				SWIFT_OPTIMIZATION_LEVEL = "-Onone";
			};
			name = Debug;
		};
		9B54DE432AE1621500D8BB7A /* Release */ = {
			isa = XCBuildConfiguration;
			buildSettings = {
				ALWAYS_SEARCH_USER_PATHS = NO;
				ASSETCATALOG_COMPILER_GENERATE_SWIFT_ASSET_SYMBOL_EXTENSIONS = YES;
				CLANG_ANALYZER_NONNULL = YES;
				CLANG_ANALYZER_NUMBER_OBJECT_CONVERSION = YES_AGGRESSIVE;
				CLANG_CXX_LANGUAGE_STANDARD = "gnu++20";
				CLANG_ENABLE_MODULES = YES;
				CLANG_ENABLE_OBJC_ARC = YES;
				CLANG_ENABLE_OBJC_WEAK = YES;
				CLANG_WARN_BLOCK_CAPTURE_AUTORELEASING = YES;
				CLANG_WARN_BOOL_CONVERSION = YES;
				CLANG_WARN_COMMA = YES;
				CLANG_WARN_CONSTANT_CONVERSION = YES;
				CLANG_WARN_DEPRECATED_OBJC_IMPLEMENTATIONS = YES;
				CLANG_WARN_DIRECT_OBJC_ISA_USAGE = YES_ERROR;
				CLANG_WARN_DOCUMENTATION_COMMENTS = YES;
				CLANG_WARN_EMPTY_BODY = YES;
				CLANG_WARN_ENUM_CONVERSION = YES;
				CLANG_WARN_INFINITE_RECURSION = YES;
				CLANG_WARN_INT_CONVERSION = YES;
				CLANG_WARN_NON_LITERAL_NULL_CONVERSION = YES;
				CLANG_WARN_OBJC_IMPLICIT_RETAIN_SELF = YES;
				CLANG_WARN_OBJC_LITERAL_CONVERSION = YES;
				CLANG_WARN_OBJC_ROOT_CLASS = YES_ERROR;
				CLANG_WARN_QUOTED_INCLUDE_IN_FRAMEWORK_HEADER = YES;
				CLANG_WARN_RANGE_LOOP_ANALYSIS = YES;
				CLANG_WARN_STRICT_PROTOTYPES = YES;
				CLANG_WARN_SUSPICIOUS_MOVE = YES;
				CLANG_WARN_UNGUARDED_AVAILABILITY = YES_AGGRESSIVE;
				CLANG_WARN_UNREACHABLE_CODE = YES;
				CLANG_WARN__DUPLICATE_METHOD_MATCH = YES;
				COPY_PHASE_STRIP = NO;
				DEBUG_INFORMATION_FORMAT = "dwarf-with-dsym";
				ENABLE_NS_ASSERTIONS = NO;
				ENABLE_STRICT_OBJC_MSGSEND = YES;
				ENABLE_USER_SCRIPT_SANDBOXING = YES;
				GCC_C_LANGUAGE_STANDARD = gnu17;
				GCC_NO_COMMON_BLOCKS = YES;
				GCC_WARN_64_TO_32_BIT_CONVERSION = YES;
				GCC_WARN_ABOUT_RETURN_TYPE = YES_ERROR;
				GCC_WARN_UNDECLARED_SELECTOR = YES;
				GCC_WARN_UNINITIALIZED_AUTOS = YES_AGGRESSIVE;
				GCC_WARN_UNUSED_FUNCTION = YES;
				GCC_WARN_UNUSED_VARIABLE = YES;
				LOCALIZATION_PREFERS_STRING_CATALOGS = YES;
				MACOSX_DEPLOYMENT_TARGET = 14.0;
				MTL_ENABLE_DEBUG_INFO = NO;
				MTL_FAST_MATH = YES;
				SDKROOT = macosx;
				SWIFT_COMPILATION_MODE = wholemodule;
			};
			name = Release;
		};
		9B54DE452AE1621500D8BB7A /* Debug */ = {
			isa = XCBuildConfiguration;
			buildSettings = {
				CLANG_ENABLE_MODULES = YES;
				CODE_SIGN_STYLE = Automatic;
				PRODUCT_NAME = "$(TARGET_NAME)";
				SWIFT_OPTIMIZATION_LEVEL = "-Onone";
				SWIFT_VERSION = 5.0;
			};
			name = Debug;
		};
		9B54DE462AE1621500D8BB7A /* Release */ = {
			isa = XCBuildConfiguration;
			buildSettings = {
				CLANG_ENABLE_MODULES = YES;
				CODE_SIGN_STYLE = Automatic;
				PRODUCT_NAME = "$(TARGET_NAME)";
				SWIFT_VERSION = 5.0;
			};
			name = Release;
		};
/* End XCBuildConfiguration section */

/* Begin XCConfigurationList section */
		9B54DE382AE1621500D8BB7A /* Build configuration list for PBXProject "algo" */ = {
			isa = XCConfigurationList;
			buildConfigurations = (
				9B54DE422AE1621500D8BB7A /* Debug */,
				9B54DE432AE1621500D8BB7A /* Release */,
			);
			defaultConfigurationIsVisible = 0;
			defaultConfigurationName = Release;
		};
		9B54DE442AE1621500D8BB7A /* Build configuration list for PBXNativeTarget "algo" */ = {
			isa = XCConfigurationList;
			buildConfigurations = (
				9B54DE452AE1621500D8BB7A /* Debug */,
				9B54DE462AE1621500D8BB7A /* Release */,
			);
			defaultConfigurationIsVisible = 0;
			defaultConfigurationName = Release;
		};
/* End XCConfigurationList section */
	};
	rootObject = 9B54DE352AE1621500D8BB7A /* Project object */;
}
